
Microsoft Visual Studio Solution File, Format Version 12.00
# Visual Studio Version 17
VisualStudioVersion = 17.2.32516.85
MinimumVisualStudioVersion = 10.0.40219.1
Project("{2150E333-8FDC-42A3-9474-1A3956D46DE8}") = "src", "src", "{E2792D7B-73D1-4FA0-9AC2-38FAB6D9C5DD}"
EndProject
Project("{2150E333-8FDC-42A3-9474-1A3956D46DE8}") = "Aula 01 -  HelloWorld", "Aula 01 -  HelloWorld", "{C65B9C66-C26F-4E5C-B52D-79FF30A5E17D}"
EndProject
Project("{2150E333-8FDC-42A3-9474-1A3956D46DE8}") = "Aula 02 - Worker Queues", "Aula 02 - Worker Queues", "{793B348C-A930-4620-AFB3-A83E4869F474}"
EndProject
Project("{2150E333-8FDC-42A3-9474-1A3956D46DE8}") = "Receive", "Receive", "{22FC2FE6-3BC7-41A0-8161-5099A9B50142}"
EndProject
Project("{2150E333-8FDC-42A3-9474-1A3956D46DE8}") = "Send", "Send", "{F5F62C23-4C10-4F2A-BBCA-757163696D7A}"
EndProject
Project("{9A19103F-16F7-4668-BE54-9A1E7A4F7556}") = "Receive", "src\01 - Hello World\Receive\Receive.csproj", "{ECD7A7EB-36C2-4CAB-AD12-BF76E4075288}"
EndProject
Project("{9A19103F-16F7-4668-BE54-9A1E7A4F7556}") = "Send", "src\01 - Hello World\Send\Send.csproj", "{F799F3F7-7230-4E78-B278-B67C495D4F2E}"
EndProject
Project("{2150E333-8FDC-42A3-9474-1A3956D46DE8}") = "Worker", "Worker", "{5299F3AE-3D00-486C-A525-FBE10EA8DA41}"
EndProject
Project("{2150E333-8FDC-42A3-9474-1A3956D46DE8}") = "NewTask", "NewTask", "{3D979E3D-C2A1-4A6A-B6C5-CE5F98E2158A}"
EndProject
Project("{9A19103F-16F7-4668-BE54-9A1E7A4F7556}") = "NewTask", "src\02 - Work queues\NewTask\NewTask.csproj", "{7EDE0A9B-DCFE-4750-BDFE-FF333D25BDCB}"
EndProject
Project("{9A19103F-16F7-4668-BE54-9A1E7A4F7556}") = "Worker", "src\02 - Work queues\Worker\Worker.csproj", "{15FFC0A3-522F-4693-B10F-10A42713C446}"
EndProject
Project("{2150E333-8FDC-42A3-9474-1A3956D46DE8}") = "Aula 03 - Publisher And Subscriber", "Aula 03 - Publisher And Subscriber", "{D6814B1A-A1B1-43D9-B219-E1477750303C}"
EndProject
Project("{2150E333-8FDC-42A3-9474-1A3956D46DE8}") = "EmitLog", "EmitLog", "{CB947E05-15F4-4C40-917E-1DBDE6D6B799}"
EndProject
Project("{2150E333-8FDC-42A3-9474-1A3956D46DE8}") = "ReceivedLogs", "ReceivedLogs", "{EE24EB58-6573-4410-995A-59EBFA5B04D9}"
EndProject
Project("{9A19103F-16F7-4668-BE54-9A1E7A4F7556}") = "EmitLog", "src\03 - Publisher And Subscriber\EmitLog\EmitLog\EmitLog.csproj", "{8090A8B1-C67F-42FF-9D54-BDA3AE7D04C1}"
EndProject
Project("{9A19103F-16F7-4668-BE54-9A1E7A4F7556}") = "ReceiveLogs", "src\03 - Publisher And Subscriber\ReceiveLogs\ReceiveLogs.csproj", "{6CE2C8C7-1C13-48DA-96E5-CE811C3DD2EB}"
EndProject
Project("{2150E333-8FDC-42A3-9474-1A3956D46DE8}") = "Aula 04 - Routing", "Aula 04 - Routing", "{42BEEFB6-A12C-490F-A8A0-C03ABBD869D2}"
EndProject
Project("{2150E333-8FDC-42A3-9474-1A3956D46DE8}") = "EmitLogDirect", "EmitLogDirect", "{59C9604C-3480-4F36-9390-A3F5286BAACF}"
EndProject
Project("{2150E333-8FDC-42A3-9474-1A3956D46DE8}") = "ReceiveLogsDirect", "ReceiveLogsDirect", "{0831DA63-FCF5-42FE-AE64-64DF2FD3D967}"
EndProject
Project("{2150E333-8FDC-42A3-9474-1A3956D46DE8}") = "Aula 05  - Topics", "Aula 05  - Topics", "{2F52738A-C40E-43B7-BD3F-A06F20EF34DE}"
EndProject
Project("{9A19103F-16F7-4668-BE54-9A1E7A4F7556}") = "EmitLogTopic", "src\05 - Topics\EmitLogTopic\EmitLogTopic\EmitLogTopic.csproj", "{12FEEE38-3CFF-49C9-9D6C-2284F168C4AA}"
EndProject
Project("{9A19103F-16F7-4668-BE54-9A1E7A4F7556}") = "EmitLogDirect", "src\04 - Routing\EmitLogDirect\EmitLogDirect.csproj", "{D085723C-02E1-4C9A-8A51-C4B82D6A891D}"
EndProject
Project("{9A19103F-16F7-4668-BE54-9A1E7A4F7556}") = "ReceiveLogsDirect", "src\04 - Routing\ReceiveLogsDirect\ReceiveLogsDirect.csproj", "{32814DCC-568D-4A45-8212-C1E87C41884A}"
EndProject
Project("{9A19103F-16F7-4668-BE54-9A1E7A4F7556}") = "ReceiveLogsTopic", "src\05 - Topics\ReceiveLogsTopic\ReceiveLogsTopic.csproj", "{E1E08F62-310D-45FC-A056-8D985DBA27EC}"
EndProject
Project("{2150E333-8FDC-42A3-9474-1A3956D46DE8}") = "Aula 06 - RPC", "Aula 06 - RPC", "{C841115F-73F5-45FA-9564-F2044A71AE37}"
EndProject
Project("{FAE04EC0-301F-11D3-BF4B-00C04F79EFBC}") = "RPCClient", "src\06 - RPC\RPCClient\RPCClient.csproj", "{DB5415FB-4B1A-48E9-AC51-37297901068C}"
EndProject
Project("{FAE04EC0-301F-11D3-BF4B-00C04F79EFBC}") = "RPCServer", "src\06 - RPC\RPCServer\RPCServer.csproj", "{432CE7A8-29D6-4161-8875-3E82C70FC1EC}"
EndProject
Project("{2150E333-8FDC-42A3-9474-1A3956D46DE8}") = "Aula 07  - Publisher Confirms", "Aula 07  - Publisher Confirms", "{90025EC0-59BE-4748-A590-068FF8333AB2}"
EndProject
Project("{FAE04EC0-301F-11D3-BF4B-00C04F79EFBC}") = "PublisherConfirms", "src\07 - Publisher Confirms\PublisherConfirms\PublisherConfirms.csproj", "{C2CF2ACE-3A22-42DB-A796-106A468551CC}"
EndProject
Global
	GlobalSection(SolutionConfigurationPlatforms) = preSolution
		Debug|Any CPU = Debug|Any CPU
		Release|Any CPU = Release|Any CPU
	EndGlobalSection
	GlobalSection(ProjectConfigurationPlatforms) = postSolution
		{ECD7A7EB-36C2-4CAB-AD12-BF76E4075288}.Debug|Any CPU.ActiveCfg = Debug|Any CPU
		{ECD7A7EB-36C2-4CAB-AD12-BF76E4075288}.Debug|Any CPU.Build.0 = Debug|Any CPU
		{ECD7A7EB-36C2-4CAB-AD12-BF76E4075288}.Release|Any CPU.ActiveCfg = Release|Any CPU
		{ECD7A7EB-36C2-4CAB-AD12-BF76E4075288}.Release|Any CPU.Build.0 = Release|Any CPU
		{F799F3F7-7230-4E78-B278-B67C495D4F2E}.Debug|Any CPU.ActiveCfg = Debug|Any CPU
		{F799F3F7-7230-4E78-B278-B67C495D4F2E}.Debug|Any CPU.Build.0 = Debug|Any CPU
		{F799F3F7-7230-4E78-B278-B67C495D4F2E}.Release|Any CPU.ActiveCfg = Release|Any CPU
		{F799F3F7-7230-4E78-B278-B67C495D4F2E}.Release|Any CPU.Build.0 = Release|Any CPU
		{7EDE0A9B-DCFE-4750-BDFE-FF333D25BDCB}.Debug|Any CPU.ActiveCfg = Debug|Any CPU
		{7EDE0A9B-DCFE-4750-BDFE-FF333D25BDCB}.Debug|Any CPU.Build.0 = Debug|Any CPU
		{7EDE0A9B-DCFE-4750-BDFE-FF333D25BDCB}.Release|Any CPU.ActiveCfg = Release|Any CPU
		{7EDE0A9B-DCFE-4750-BDFE-FF333D25BDCB}.Release|Any CPU.Build.0 = Release|Any CPU
		{15FFC0A3-522F-4693-B10F-10A42713C446}.Debug|Any CPU.ActiveCfg = Debug|Any CPU
		{15FFC0A3-522F-4693-B10F-10A42713C446}.Debug|Any CPU.Build.0 = Debug|Any CPU
		{15FFC0A3-522F-4693-B10F-10A42713C446}.Release|Any CPU.ActiveCfg = Release|Any CPU
		{15FFC0A3-522F-4693-B10F-10A42713C446}.Release|Any CPU.Build.0 = Release|Any CPU
		{8090A8B1-C67F-42FF-9D54-BDA3AE7D04C1}.Debug|Any CPU.ActiveCfg = Debug|Any CPU
		{8090A8B1-C67F-42FF-9D54-BDA3AE7D04C1}.Debug|Any CPU.Build.0 = Debug|Any CPU
		{8090A8B1-C67F-42FF-9D54-BDA3AE7D04C1}.Release|Any CPU.ActiveCfg = Release|Any CPU
		{8090A8B1-C67F-42FF-9D54-BDA3AE7D04C1}.Release|Any CPU.Build.0 = Release|Any CPU
		{6CE2C8C7-1C13-48DA-96E5-CE811C3DD2EB}.Debug|Any CPU.ActiveCfg = Debug|Any CPU
		{6CE2C8C7-1C13-48DA-96E5-CE811C3DD2EB}.Debug|Any CPU.Build.0 = Debug|Any CPU
		{6CE2C8C7-1C13-48DA-96E5-CE811C3DD2EB}.Release|Any CPU.ActiveCfg = Release|Any CPU
		{6CE2C8C7-1C13-48DA-96E5-CE811C3DD2EB}.Release|Any CPU.Build.0 = Release|Any CPU
		{12FEEE38-3CFF-49C9-9D6C-2284F168C4AA}.Debug|Any CPU.ActiveCfg = Debug|Any CPU
		{12FEEE38-3CFF-49C9-9D6C-2284F168C4AA}.Debug|Any CPU.Build.0 = Debug|Any CPU
		{12FEEE38-3CFF-49C9-9D6C-2284F168C4AA}.Release|Any CPU.ActiveCfg = Release|Any CPU
		{12FEEE38-3CFF-49C9-9D6C-2284F168C4AA}.Release|Any CPU.Build.0 = Release|Any CPU
		{D085723C-02E1-4C9A-8A51-C4B82D6A891D}.Debug|Any CPU.ActiveCfg = Debug|Any CPU
		{D085723C-02E1-4C9A-8A51-C4B82D6A891D}.Debug|Any CPU.Build.0 = Debug|Any CPU
		{D085723C-02E1-4C9A-8A51-C4B82D6A891D}.Release|Any CPU.ActiveCfg = Release|Any CPU
		{D085723C-02E1-4C9A-8A51-C4B82D6A891D}.Release|Any CPU.Build.0 = Release|Any CPU
		{32814DCC-568D-4A45-8212-C1E87C41884A}.Debug|Any CPU.ActiveCfg = Debug|Any CPU
		{32814DCC-568D-4A45-8212-C1E87C41884A}.Debug|Any CPU.Build.0 = Debug|Any CPU
		{32814DCC-568D-4A45-8212-C1E87C41884A}.Release|Any CPU.ActiveCfg = Release|Any CPU
		{32814DCC-568D-4A45-8212-C1E87C41884A}.Release|Any CPU.Build.0 = Release|Any CPU
		{E1E08F62-310D-45FC-A056-8D985DBA27EC}.Debug|Any CPU.ActiveCfg = Debug|Any CPU
		{E1E08F62-310D-45FC-A056-8D985DBA27EC}.Debug|Any CPU.Build.0 = Debug|Any CPU
		{E1E08F62-310D-45FC-A056-8D985DBA27EC}.Release|Any CPU.ActiveCfg = Release|Any CPU
		{E1E08F62-310D-45FC-A056-8D985DBA27EC}.Release|Any CPU.Build.0 = Release|Any CPU
		{DB5415FB-4B1A-48E9-AC51-37297901068C}.Debug|Any CPU.ActiveCfg = Debug|Any CPU
		{DB5415FB-4B1A-48E9-AC51-37297901068C}.Debug|Any CPU.Build.0 = Debug|Any CPU
		{DB5415FB-4B1A-48E9-AC51-37297901068C}.Release|Any CPU.ActiveCfg = Release|Any CPU
		{DB5415FB-4B1A-48E9-AC51-37297901068C}.Release|Any CPU.Build.0 = Release|Any CPU
		{432CE7A8-29D6-4161-8875-3E82C70FC1EC}.Debug|Any CPU.ActiveCfg = Debug|Any CPU
		{432CE7A8-29D6-4161-8875-3E82C70FC1EC}.Debug|Any CPU.Build.0 = Debug|Any CPU
		{432CE7A8-29D6-4161-8875-3E82C70FC1EC}.Release|Any CPU.ActiveCfg = Release|Any CPU
		{432CE7A8-29D6-4161-8875-3E82C70FC1EC}.Release|Any CPU.Build.0 = Release|Any CPU
		{C2CF2ACE-3A22-42DB-A796-106A468551CC}.Debug|Any CPU.ActiveCfg = Debug|Any CPU
		{C2CF2ACE-3A22-42DB-A796-106A468551CC}.Debug|Any CPU.Build.0 = Debug|Any CPU
		{C2CF2ACE-3A22-42DB-A796-106A468551CC}.Release|Any CPU.ActiveCfg = Release|Any CPU
		{C2CF2ACE-3A22-42DB-A796-106A468551CC}.Release|Any CPU.Build.0 = Release|Any CPU
	EndGlobalSection
	GlobalSection(SolutionProperties) = preSolution
		HideSolutionNode = FALSE
	EndGlobalSection
	GlobalSection(NestedProjects) = preSolution
		{C65B9C66-C26F-4E5C-B52D-79FF30A5E17D} = {E2792D7B-73D1-4FA0-9AC2-38FAB6D9C5DD}
		{793B348C-A930-4620-AFB3-A83E4869F474} = {E2792D7B-73D1-4FA0-9AC2-38FAB6D9C5DD}
		{22FC2FE6-3BC7-41A0-8161-5099A9B50142} = {C65B9C66-C26F-4E5C-B52D-79FF30A5E17D}
		{F5F62C23-4C10-4F2A-BBCA-757163696D7A} = {C65B9C66-C26F-4E5C-B52D-79FF30A5E17D}
		{ECD7A7EB-36C2-4CAB-AD12-BF76E4075288} = {22FC2FE6-3BC7-41A0-8161-5099A9B50142}
		{F799F3F7-7230-4E78-B278-B67C495D4F2E} = {F5F62C23-4C10-4F2A-BBCA-757163696D7A}
		{5299F3AE-3D00-486C-A525-FBE10EA8DA41} = {793B348C-A930-4620-AFB3-A83E4869F474}
		{3D979E3D-C2A1-4A6A-B6C5-CE5F98E2158A} = {793B348C-A930-4620-AFB3-A83E4869F474}
		{7EDE0A9B-DCFE-4750-BDFE-FF333D25BDCB} = {3D979E3D-C2A1-4A6A-B6C5-CE5F98E2158A}
		{15FFC0A3-522F-4693-B10F-10A42713C446} = {5299F3AE-3D00-486C-A525-FBE10EA8DA41}
		{D6814B1A-A1B1-43D9-B219-E1477750303C} = {E2792D7B-73D1-4FA0-9AC2-38FAB6D9C5DD}
		{CB947E05-15F4-4C40-917E-1DBDE6D6B799} = {D6814B1A-A1B1-43D9-B219-E1477750303C}
		{EE24EB58-6573-4410-995A-59EBFA5B04D9} = {D6814B1A-A1B1-43D9-B219-E1477750303C}
		{8090A8B1-C67F-42FF-9D54-BDA3AE7D04C1} = {CB947E05-15F4-4C40-917E-1DBDE6D6B799}
		{6CE2C8C7-1C13-48DA-96E5-CE811C3DD2EB} = {EE24EB58-6573-4410-995A-59EBFA5B04D9}
		{42BEEFB6-A12C-490F-A8A0-C03ABBD869D2} = {E2792D7B-73D1-4FA0-9AC2-38FAB6D9C5DD}
		{59C9604C-3480-4F36-9390-A3F5286BAACF} = {42BEEFB6-A12C-490F-A8A0-C03ABBD869D2}
		{0831DA63-FCF5-42FE-AE64-64DF2FD3D967} = {42BEEFB6-A12C-490F-A8A0-C03ABBD869D2}
		{2F52738A-C40E-43B7-BD3F-A06F20EF34DE} = {E2792D7B-73D1-4FA0-9AC2-38FAB6D9C5DD}
		{12FEEE38-3CFF-49C9-9D6C-2284F168C4AA} = {2F52738A-C40E-43B7-BD3F-A06F20EF34DE}
		{D085723C-02E1-4C9A-8A51-C4B82D6A891D} = {59C9604C-3480-4F36-9390-A3F5286BAACF}
		{32814DCC-568D-4A45-8212-C1E87C41884A} = {0831DA63-FCF5-42FE-AE64-64DF2FD3D967}
		{E1E08F62-310D-45FC-A056-8D985DBA27EC} = {2F52738A-C40E-43B7-BD3F-A06F20EF34DE}
		{C841115F-73F5-45FA-9564-F2044A71AE37} = {E2792D7B-73D1-4FA0-9AC2-38FAB6D9C5DD}
		{DB5415FB-4B1A-48E9-AC51-37297901068C} = {C841115F-73F5-45FA-9564-F2044A71AE37}
		{432CE7A8-29D6-4161-8875-3E82C70FC1EC} = {C841115F-73F5-45FA-9564-F2044A71AE37}
		{90025EC0-59BE-4748-A590-068FF8333AB2} = {E2792D7B-73D1-4FA0-9AC2-38FAB6D9C5DD}
		{C2CF2ACE-3A22-42DB-A796-106A468551CC} = {90025EC0-59BE-4748-A590-068FF8333AB2}
	EndGlobalSection
	GlobalSection(ExtensibilityGlobals) = postSolution
		SolutionGuid = {423F1B8F-D9FF-4563-A9BD-0ACCC130754E}
	EndGlobalSection
EndGlobal
