
Microsoft Visual Studio Solution File, Format Version 12.00
# Visual Studio Version 17
VisualStudioVersion = 17.2.32516.85
MinimumVisualStudioVersion = 10.0.40219.1
Project("{FAE04EC0-301F-11D3-BF4B-00C04F79EFBC}") = "ApiAcessoValidadoPorIP", "ApiAcessoValidadoPorIP.csproj", "{0071F7E1-8025-4072-AB3D-8772BCA373A4}"
EndProject
Global
	GlobalSection(SolutionConfigurationPlatforms) = preSolution
		Debug|Any CPU = Debug|Any CPU
		Release|Any CPU = Release|Any CPU
	EndGlobalSection
	GlobalSection(ProjectConfigurationPlatforms) = postSolution
		{0071F7E1-8025-4072-AB3D-8772BCA373A4}.Debug|Any CPU.ActiveCfg = Debug|Any CPU
		{0071F7E1-8025-4072-AB3D-8772BCA373A4}.Debug|Any CPU.Build.0 = Debug|Any CPU
		{0071F7E1-8025-4072-AB3D-8772BCA373A4}.Release|Any CPU.ActiveCfg = Release|Any CPU
		{0071F7E1-8025-4072-AB3D-8772BCA373A4}.Release|Any CPU.Build.0 = Release|Any CPU
	EndGlobalSection
	GlobalSection(SolutionProperties) = preSolution
		HideSolutionNode = FALSE
	EndGlobalSection
	GlobalSection(ExtensibilityGlobals) = postSolution
		SolutionGuid = {3AFEB49F-EAA5-403E-BF48-ACC7CE8D29A6}
	EndGlobalSection
EndGlobal
