
Microsoft Visual Studio Solution File, Format Version 12.00
# Visual Studio Version 17
VisualStudioVersion = 17.2.32516.85
MinimumVisualStudioVersion = 10.0.40219.1
Project("{FAE04EC0-301F-11D3-BF4B-00C04F79EFBC}") = "ApiConsumoTeste", "ApiConsumoTeste.csproj", "{F9F31FB3-CCEA-4D2D-A9B3-A1AC9D29C78B}"
EndProject
Project("{FAE04EC0-301F-11D3-BF4B-00C04F79EFBC}") = "ConsumoAPI", "..\ConsumoAPI\ConsumoAPI.csproj", "{36BFDEAE-BE47-4725-966D-1D58248E3E49}"
EndProject
Global
	GlobalSection(SolutionConfigurationPlatforms) = preSolution
		Debug|Any CPU = Debug|Any CPU
		Release|Any CPU = Release|Any CPU
	EndGlobalSection
	GlobalSection(ProjectConfigurationPlatforms) = postSolution
		{F9F31FB3-CCEA-4D2D-A9B3-A1AC9D29C78B}.Debug|Any CPU.ActiveCfg = Debug|Any CPU
		{F9F31FB3-CCEA-4D2D-A9B3-A1AC9D29C78B}.Debug|Any CPU.Build.0 = Debug|Any CPU
		{F9F31FB3-CCEA-4D2D-A9B3-A1AC9D29C78B}.Release|Any CPU.ActiveCfg = Release|Any CPU
		{F9F31FB3-CCEA-4D2D-A9B3-A1AC9D29C78B}.Release|Any CPU.Build.0 = Release|Any CPU
		{36BFDEAE-BE47-4725-966D-1D58248E3E49}.Debug|Any CPU.ActiveCfg = Debug|Any CPU
		{36BFDEAE-BE47-4725-966D-1D58248E3E49}.Debug|Any CPU.Build.0 = Debug|Any CPU
		{36BFDEAE-BE47-4725-966D-1D58248E3E49}.Release|Any CPU.ActiveCfg = Release|Any CPU
		{36BFDEAE-BE47-4725-966D-1D58248E3E49}.Release|Any CPU.Build.0 = Release|Any CPU
	EndGlobalSection
	GlobalSection(SolutionProperties) = preSolution
		HideSolutionNode = FALSE
	EndGlobalSection
	GlobalSection(ExtensibilityGlobals) = postSolution
		SolutionGuid = {12AED9DA-9423-4E41-A69F-5E75FC7084C5}
	EndGlobalSection
EndGlobal
