
Microsoft Visual Studio Solution File, Format Version 12.00
# Visual Studio Version 17
VisualStudioVersion = 17.2.32516.85
MinimumVisualStudioVersion = 10.0.40219.1
Project("{FAE04EC0-301F-11D3-BF4B-00C04F79EFBC}") = "BatidaFunkCSharp", "BatidaFunkCSharp.csproj", "{27D2954F-5B7F-4870-B46A-882EB6666468}"
EndProject
Project("{FAE04EC0-301F-11D3-BF4B-00C04F79EFBC}") = "BatidaFunk", "..\BatidaFunk\BatidaFunk.csproj", "{FA8979F5-75A1-4E0C-9A09-FB09DBE147DD}"
EndProject
Global
	GlobalSection(SolutionConfigurationPlatforms) = preSolution
		Debug|Any CPU = Debug|Any CPU
		Release|Any CPU = Release|Any CPU
	EndGlobalSection
	GlobalSection(ProjectConfigurationPlatforms) = postSolution
		{27D2954F-5B7F-4870-B46A-882EB6666468}.Debug|Any CPU.ActiveCfg = Debug|Any CPU
		{27D2954F-5B7F-4870-B46A-882EB6666468}.Debug|Any CPU.Build.0 = Debug|Any CPU
		{27D2954F-5B7F-4870-B46A-882EB6666468}.Release|Any CPU.ActiveCfg = Release|Any CPU
		{27D2954F-5B7F-4870-B46A-882EB6666468}.Release|Any CPU.Build.0 = Release|Any CPU
		{FA8979F5-75A1-4E0C-9A09-FB09DBE147DD}.Debug|Any CPU.ActiveCfg = Debug|Any CPU
		{FA8979F5-75A1-4E0C-9A09-FB09DBE147DD}.Debug|Any CPU.Build.0 = Debug|Any CPU
		{FA8979F5-75A1-4E0C-9A09-FB09DBE147DD}.Release|Any CPU.ActiveCfg = Release|Any CPU
		{FA8979F5-75A1-4E0C-9A09-FB09DBE147DD}.Release|Any CPU.Build.0 = Release|Any CPU
	EndGlobalSection
	GlobalSection(SolutionProperties) = preSolution
		HideSolutionNode = FALSE
	EndGlobalSection
	GlobalSection(ExtensibilityGlobals) = postSolution
		SolutionGuid = {5A64BE84-0CA4-4F53-9F97-748FB6DD0C3B}
	EndGlobalSection
EndGlobal
