
Microsoft Visual Studio Solution File, Format Version 12.00
# Visual Studio Version 17
VisualStudioVersion = 17.6.33829.357
MinimumVisualStudioVersion = 10.0.40219.1
Project("{FAE04EC0-301F-11D3-BF4B-00C04F79EFBC}") = "Lambda", "Lambda\src\Lambda\Lambda.csproj", "{24CD9F98-2E8A-4525-8F6F-8099E564B089}"
EndProject
Project("{9A19103F-16F7-4668-BE54-9A1E7A4F7556}") = "Lambda.Tests", "Lambda\test\Lambda.Tests\Lambda.Tests.csproj", "{6C9BE3FD-A356-472C-9FD5-6C0AFFB1DF16}"
EndProject
Project("{FAE04EC0-301F-11D3-BF4B-00C04F79EFBC}") = "ClientSDK", "ClientSDK\ClientSDK.csproj", "{C0EB1A8B-998D-443F-BFD7-EE38C9A6CDF2}"
EndProject
Global
	GlobalSection(SolutionConfigurationPlatforms) = preSolution
		Debug|Any CPU = Debug|Any CPU
		Release|Any CPU = Release|Any CPU
	EndGlobalSection
	GlobalSection(ProjectConfigurationPlatforms) = postSolution
		{24CD9F98-2E8A-4525-8F6F-8099E564B089}.Debug|Any CPU.ActiveCfg = Debug|Any CPU
		{24CD9F98-2E8A-4525-8F6F-8099E564B089}.Debug|Any CPU.Build.0 = Debug|Any CPU
		{24CD9F98-2E8A-4525-8F6F-8099E564B089}.Release|Any CPU.ActiveCfg = Release|Any CPU
		{24CD9F98-2E8A-4525-8F6F-8099E564B089}.Release|Any CPU.Build.0 = Release|Any CPU
		{6C9BE3FD-A356-472C-9FD5-6C0AFFB1DF16}.Debug|Any CPU.ActiveCfg = Debug|Any CPU
		{6C9BE3FD-A356-472C-9FD5-6C0AFFB1DF16}.Debug|Any CPU.Build.0 = Debug|Any CPU
		{6C9BE3FD-A356-472C-9FD5-6C0AFFB1DF16}.Release|Any CPU.ActiveCfg = Release|Any CPU
		{6C9BE3FD-A356-472C-9FD5-6C0AFFB1DF16}.Release|Any CPU.Build.0 = Release|Any CPU
		{C0EB1A8B-998D-443F-BFD7-EE38C9A6CDF2}.Debug|Any CPU.ActiveCfg = Debug|Any CPU
		{C0EB1A8B-998D-443F-BFD7-EE38C9A6CDF2}.Debug|Any CPU.Build.0 = Debug|Any CPU
		{C0EB1A8B-998D-443F-BFD7-EE38C9A6CDF2}.Release|Any CPU.ActiveCfg = Release|Any CPU
		{C0EB1A8B-998D-443F-BFD7-EE38C9A6CDF2}.Release|Any CPU.Build.0 = Release|Any CPU
	EndGlobalSection
	GlobalSection(SolutionProperties) = preSolution
		HideSolutionNode = FALSE
	EndGlobalSection
	GlobalSection(ExtensibilityGlobals) = postSolution
		SolutionGuid = {2CFBF712-877B-4DED-870C-4DF9403F47CA}
	EndGlobalSection
EndGlobal
